PODS:
  - BigInt (3.1.0):
    - SipHash (~> 1.2)
  - EosioSwift (0.0.2):
    - BigInt (~> 3.1)
  - SipHash (1.2.2)
  - SwiftLint (0.31.0)

DEPENDENCIES:
  - EosioSwift (from `../eosio-swift`)
  - SwiftLint

SPEC REPOS:
  https://github.com/cocoapods/specs.git:
    - BigInt
    - SipHash
    - SwiftLint

EXTERNAL SOURCES:
  EosioSwift:
    :path: "../eosio-swift"

SPEC CHECKSUMS:
  BigInt: 76b5dfdfa3e2e478d4ffdf161aeede5502e2742f
  EosioSwift: ee95140c19f0503d47c1373ea0380c75e58a499b
  SipHash: fad90a4683e420c52ef28063063dbbce248ea6d4
  SwiftLint: 7a0227733d786395817373b2d0ca799fd0093ff3

PODFILE CHECKSUM: 2fe6b986c414f9d4a5e0585df3bc44ec6e8934ff

COCOAPODS: 1.6.1
